
Microsoft Visual Studio Solution File, Format Version 12.00
# Visual Studio Version 16
VisualStudioVersion = 16.0.30413.136
MinimumVisualStudioVersion = 10.0.40219.1
Project("{FAE04EC0-301F-11D3-BF4B-00C04F79EFBC}") = "LAB1_BAI3", "LAB1_BAI3\LAB1_BAI3.csproj", "{6F113EEF-2B8E-4D29-BBBC-9A7D51A6B333}"
EndProject
Global
	GlobalSection(SolutionConfigurationPlatforms) = preSolution
		Debug|Any CPU = Debug|Any CPU
		Release|Any CPU = Release|Any CPU
	EndGlobalSection
	GlobalSection(ProjectConfigurationPlatforms) = postSolution
		{6F113EEF-2B8E-4D29-BBBC-9A7D51A6B333}.Debug|Any CPU.ActiveCfg = Debug|Any CPU
		{6F113EEF-2B8E-4D29-BBBC-9A7D51A6B333}.Debug|Any CPU.Build.0 = Debug|Any CPU
		{6F113EEF-2B8E-4D29-BBBC-9A7D51A6B333}.Release|Any CPU.ActiveCfg = Release|Any CPU
		{6F113EEF-2B8E-4D29-BBBC-9A7D51A6B333}.Release|Any CPU.Build.0 = Release|Any CPU
	EndGlobalSection
	GlobalSection(SolutionProperties) = preSolution
		HideSolutionNode = FALSE
	EndGlobalSection
	GlobalSection(ExtensibilityGlobals) = postSolution
		SolutionGuid = {139A455C-4EB8-4D6C-BD42-D5EC3DCC81C5}
	EndGlobalSection
EndGlobal
